
Microsoft Visual Studio Solution File, Format Version 12.00
# Visual Studio Version 16
VisualStudioVersion = 16.0.30611.23
MinimumVisualStudioVersion = 10.0.40219.1
Project("{9A19103F-16F7-4668-BE54-9A1E7A4F7556}") = "Employee", "Employee\Employee.csproj", "{1E57931E-7549-4CB7-889A-63BE5887A81C}"
EndProject
Global
	GlobalSection(SolutionConfigurationPlatforms) = preSolution
		Debug|Any CPU = Debug|Any CPU
		Release|Any CPU = Release|Any CPU
	EndGlobalSection
	GlobalSection(ProjectConfigurationPlatforms) = postSolution
		{1E57931E-7549-4CB7-889A-63BE5887A81C}.Debug|Any CPU.ActiveCfg = Debug|Any CPU
		{1E57931E-7549-4CB7-889A-63BE5887A81C}.Debug|Any CPU.Build.0 = Debug|Any CPU
		{1E57931E-7549-4CB7-889A-63BE5887A81C}.Release|Any CPU.ActiveCfg = Release|Any CPU
		{1E57931E-7549-4CB7-889A-63BE5887A81C}.Release|Any CPU.Build.0 = Release|Any CPU
	EndGlobalSection
	GlobalSection(SolutionProperties) = preSolution
		HideSolutionNode = FALSE
	EndGlobalSection
	GlobalSection(ExtensibilityGlobals) = postSolution
		SolutionGuid = {28163D26-8573-4FDE-8895-12986BB7531C}
	EndGlobalSection
EndGlobal
